
Microsoft Visual Studio Solution File, Format Version 12.00
# Visual Studio 15
VisualStudioVersion = 15.0.27004.2006
MinimumVisualStudioVersion = 10.0.40219.1
Project("{FAE04EC0-301F-11D3-BF4B-00C04F79EFBC}") = "RFID", "RFID\RFID.csproj", "{4A491B26-C5F3-461F-9ACC-27DCEF2BC4BD}"
EndProject
Global
	GlobalSection(SolutionConfigurationPlatforms) = preSolution
		Debug|Any CPU = Debug|Any CPU
		Release|Any CPU = Release|Any CPU
	EndGlobalSection
	GlobalSection(ProjectConfigurationPlatforms) = postSolution
		{4A491B26-C5F3-461F-9ACC-27DCEF2BC4BD}.Debug|Any CPU.ActiveCfg = Debug|Any CPU
		{4A491B26-C5F3-461F-9ACC-27DCEF2BC4BD}.Debug|Any CPU.Build.0 = Debug|Any CPU
		{4A491B26-C5F3-461F-9ACC-27DCEF2BC4BD}.Release|Any CPU.ActiveCfg = Release|Any CPU
		{4A491B26-C5F3-461F-9ACC-27DCEF2BC4BD}.Release|Any CPU.Build.0 = Release|Any CPU
	EndGlobalSection
	GlobalSection(SolutionProperties) = preSolution
		HideSolutionNode = FALSE
	EndGlobalSection
	GlobalSection(ExtensibilityGlobals) = postSolution
		SolutionGuid = {1B43BEB8-8FFC-4050-B0C3-CFCB57AC7543}
	EndGlobalSection
EndGlobal
