
Microsoft Visual Studio Solution File, Format Version 12.00
# Visual Studio 15
VisualStudioVersion = 15.0.27004.2002
MinimumVisualStudioVersion = 10.0.40219.1
Project("{FAE04EC0-301F-11D3-BF4B-00C04F79EFBC}") = "IECSC.Trans", "IECSC.Trans\IECSC.Trans.csproj", "{B93DFBF5-2BC7-4D13-B8EF-76032D8B4BCD}"
EndProject
Global
	GlobalSection(SolutionConfigurationPlatforms) = preSolution
		Debug|Any CPU = Debug|Any CPU
		Release|Any CPU = Release|Any CPU
	EndGlobalSection
	GlobalSection(ProjectConfigurationPlatforms) = postSolution
		{B93DFBF5-2BC7-4D13-B8EF-76032D8B4BCD}.Debug|Any CPU.ActiveCfg = Debug|Any CPU
		{B93DFBF5-2BC7-4D13-B8EF-76032D8B4BCD}.Debug|Any CPU.Build.0 = Debug|Any CPU
		{B93DFBF5-2BC7-4D13-B8EF-76032D8B4BCD}.Release|Any CPU.ActiveCfg = Release|Any CPU
		{B93DFBF5-2BC7-4D13-B8EF-76032D8B4BCD}.Release|Any CPU.Build.0 = Release|Any CPU
	EndGlobalSection
	GlobalSection(SolutionProperties) = preSolution
		HideSolutionNode = FALSE
	EndGlobalSection
	GlobalSection(ExtensibilityGlobals) = postSolution
		SolutionGuid = {E2BA758B-B3EA-4C71-8F50-21D64940182C}
	EndGlobalSection
EndGlobal
