
Microsoft Visual Studio Solution File, Format Version 12.00
# Visual Studio 15
VisualStudioVersion = 15.0.27004.2005
MinimumVisualStudioVersion = 10.0.40219.1
Project("{FAE04EC0-301F-11D3-BF4B-00C04F79EFBC}") = "IECSC.CRN.SINGLE", "IECSC.CRN.SINGLE\IECSC.CRN.SINGLE.csproj", "{58BEA558-FF40-46DC-B4D0-477F981ACA29}"
EndProject
Global
	GlobalSection(SolutionConfigurationPlatforms) = preSolution
		Debug|Any CPU = Debug|Any CPU
		Release|Any CPU = Release|Any CPU
	EndGlobalSection
	GlobalSection(ProjectConfigurationPlatforms) = postSolution
		{58BEA558-FF40-46DC-B4D0-477F981ACA29}.Debug|Any CPU.ActiveCfg = Debug|Any CPU
		{58BEA558-FF40-46DC-B4D0-477F981ACA29}.Debug|Any CPU.Build.0 = Debug|Any CPU
		{58BEA558-FF40-46DC-B4D0-477F981ACA29}.Release|Any CPU.ActiveCfg = Release|Any CPU
		{58BEA558-FF40-46DC-B4D0-477F981ACA29}.Release|Any CPU.Build.0 = Release|Any CPU
	EndGlobalSection
	GlobalSection(SolutionProperties) = preSolution
		HideSolutionNode = FALSE
	EndGlobalSection
	GlobalSection(ExtensibilityGlobals) = postSolution
		SolutionGuid = {6CF16AAE-E82F-491F-B01F-4EC8CBED4829}
	EndGlobalSection
EndGlobal
